# This file is autogenerated, do not edit; changes may be undone by the next 'dep ensure'.


[[projects]]
  name = "github.com/disintegration/imaging"
  packages = ["."]
  revision = "1884593a19ddc6f2ea050403430d02c1d0fc1283"
  version = "v1.3.0"

[[projects]]
  name = "github.com/esimov/colorquant"
  packages = ["."]
  revision = "26cc7dd0f3187028bef64eb8ffac252661ab54ca"
  version = "v1.0.0"

[[projects]]
  branch = "master"
  name = "github.com/foobaz/lossypng"
  packages = ["lossypng"]
  revision = "b2e79a7cd5f1a8f7ddb5370af26b836e5eed83bd"

[[projects]]
  branch = "master"
  name = "golang.org/x/image"
  packages = [
    "bmp",
    "tiff",
    "tiff/lzw"
  ]
  revision = "12117c17ca67ffa1ce22e9409f3b0b0a93ac08c7"

[solve-meta]
  analyzer-name = "dep"
  analyzer-version = 1
  inputs-digest = "798690ff5e5b2c7c67ffc0733957e11d4989a5c98f9ab9026b3991de89fc5e83"
  solver-name = "gps-cdcl"
  solver-version = 1
